
Microsoft Visual Studio Solution File, Format Version 12.00
# Visual Studio Version 17
VisualStudioVersion = 17.4.33205.214
MinimumVisualStudioVersion = 10.0.40219.1
Project("{FAE04EC0-301F-11D3-BF4B-00C04F79EFBC}") = "class1", "class1.csproj", "{AD89ED2C-476D-4CC2-8DDE-98A04E04EF43}"
EndProject
Global
	GlobalSection(SolutionConfigurationPlatforms) = preSolution
		Debug|Any CPU = Debug|Any CPU
		Release|Any CPU = Release|Any CPU
	EndGlobalSection
	GlobalSection(ProjectConfigurationPlatforms) = postSolution
		{AD89ED2C-476D-4CC2-8DDE-98A04E04EF43}.Debug|Any CPU.ActiveCfg = Debug|Any CPU
		{AD89ED2C-476D-4CC2-8DDE-98A04E04EF43}.Debug|Any CPU.Build.0 = Debug|Any CPU
		{AD89ED2C-476D-4CC2-8DDE-98A04E04EF43}.Release|Any CPU.ActiveCfg = Release|Any CPU
		{AD89ED2C-476D-4CC2-8DDE-98A04E04EF43}.Release|Any CPU.Build.0 = Release|Any CPU
	EndGlobalSection
	GlobalSection(SolutionProperties) = preSolution
		HideSolutionNode = FALSE
	EndGlobalSection
	GlobalSection(ExtensibilityGlobals) = postSolution
		SolutionGuid = {EEC9C9BB-5630-4736-8AF7-A6548C50C86C}
	EndGlobalSection
EndGlobal
