
Microsoft Visual Studio Solution File, Format Version 12.00
# Visual Studio Version 17
VisualStudioVersion = 17.4.33205.214
MinimumVisualStudioVersion = 10.0.40219.1
Project("{FAE04EC0-301F-11D3-BF4B-00C04F79EFBC}") = "ReatFullApi", "ReatFullApi.csproj", "{9CD39D92-C036-4A3C-8BF4-C08D64AFED6D}"
EndProject
Global
	GlobalSection(SolutionConfigurationPlatforms) = preSolution
		Debug|Any CPU = Debug|Any CPU
		Release|Any CPU = Release|Any CPU
	EndGlobalSection
	GlobalSection(ProjectConfigurationPlatforms) = postSolution
		{9CD39D92-C036-4A3C-8BF4-C08D64AFED6D}.Debug|Any CPU.ActiveCfg = Debug|Any CPU
		{9CD39D92-C036-4A3C-8BF4-C08D64AFED6D}.Debug|Any CPU.Build.0 = Debug|Any CPU
		{9CD39D92-C036-4A3C-8BF4-C08D64AFED6D}.Release|Any CPU.ActiveCfg = Release|Any CPU
		{9CD39D92-C036-4A3C-8BF4-C08D64AFED6D}.Release|Any CPU.Build.0 = Release|Any CPU
	EndGlobalSection
	GlobalSection(SolutionProperties) = preSolution
		HideSolutionNode = FALSE
	EndGlobalSection
	GlobalSection(ExtensibilityGlobals) = postSolution
		SolutionGuid = {11DFB370-86F0-43FA-ADE5-761BC8CBE56D}
	EndGlobalSection
EndGlobal
